
Microsoft Visual Studio Solution File, Format Version 12.00
# Visual Studio 2012
Project("{FAE04EC0-301F-11D3-BF4B-00C04F79EFBC}") = "Protal", "Protal\Protal.csproj", "{522E17A2-823D-48E1-A409-43E8946060F4}"
EndProject
Project("{FAE04EC0-301F-11D3-BF4B-00C04F79EFBC}") = "Wz.Common", "Wz.Common\Wz.Common.csproj", "{62B493FB-6790-44AE-B296-C0488E445B2C}"
EndProject
Project("{FAE04EC0-301F-11D3-BF4B-00C04F79EFBC}") = "Librarys", "Librarys\Librarys.csproj", "{F44D34C7-8C8E-405B-A346-50FFD3EDDE7E}"
EndProject
Global
	GlobalSection(SolutionConfigurationPlatforms) = preSolution
		Debug|Any CPU = Debug|Any CPU
		Release|Any CPU = Release|Any CPU
	EndGlobalSection
	GlobalSection(ProjectConfigurationPlatforms) = postSolution
		{522E17A2-823D-48E1-A409-43E8946060F4}.Debug|Any CPU.ActiveCfg = Debug|Any CPU
		{522E17A2-823D-48E1-A409-43E8946060F4}.Debug|Any CPU.Build.0 = Debug|Any CPU
		{522E17A2-823D-48E1-A409-43E8946060F4}.Release|Any CPU.ActiveCfg = Release|Any CPU
		{522E17A2-823D-48E1-A409-43E8946060F4}.Release|Any CPU.Build.0 = Release|Any CPU
		{62B493FB-6790-44AE-B296-C0488E445B2C}.Debug|Any CPU.ActiveCfg = Debug|Any CPU
		{62B493FB-6790-44AE-B296-C0488E445B2C}.Debug|Any CPU.Build.0 = Debug|Any CPU
		{62B493FB-6790-44AE-B296-C0488E445B2C}.Release|Any CPU.ActiveCfg = Release|Any CPU
		{62B493FB-6790-44AE-B296-C0488E445B2C}.Release|Any CPU.Build.0 = Release|Any CPU
		{F44D34C7-8C8E-405B-A346-50FFD3EDDE7E}.Debug|Any CPU.ActiveCfg = Debug|Any CPU
		{F44D34C7-8C8E-405B-A346-50FFD3EDDE7E}.Debug|Any CPU.Build.0 = Debug|Any CPU
		{F44D34C7-8C8E-405B-A346-50FFD3EDDE7E}.Release|Any CPU.ActiveCfg = Release|Any CPU
		{F44D34C7-8C8E-405B-A346-50FFD3EDDE7E}.Release|Any CPU.Build.0 = Release|Any CPU
	EndGlobalSection
	GlobalSection(SolutionProperties) = preSolution
		HideSolutionNode = FALSE
	EndGlobalSection
EndGlobal
